
Microsoft Visual Studio Solution File, Format Version 12.00
# Visual Studio Version 16
VisualStudioVersion = 16.0.31911.196
MinimumVisualStudioVersion = 10.0.40219.1
Project("{9A19103F-16F7-4668-BE54-9A1E7A4F7556}") = "ProcessManagementAPI", "ProcessManagementAPI\ProcessManagementAPI.csproj", "{6496A9B3-8E35-438B-BD74-CE92EB613B3C}"
EndProject
Global
	GlobalSection(SolutionConfigurationPlatforms) = preSolution
		Debug|Any CPU = Debug|Any CPU
		Release|Any CPU = Release|Any CPU
	EndGlobalSection
	GlobalSection(ProjectConfigurationPlatforms) = postSolution
		{6496A9B3-8E35-438B-BD74-CE92EB613B3C}.Debug|Any CPU.ActiveCfg = Debug|Any CPU
		{6496A9B3-8E35-438B-BD74-CE92EB613B3C}.Debug|Any CPU.Build.0 = Debug|Any CPU
		{6496A9B3-8E35-438B-BD74-CE92EB613B3C}.Release|Any CPU.ActiveCfg = Release|Any CPU
		{6496A9B3-8E35-438B-BD74-CE92EB613B3C}.Release|Any CPU.Build.0 = Release|Any CPU
	EndGlobalSection
	GlobalSection(SolutionProperties) = preSolution
		HideSolutionNode = FALSE
	EndGlobalSection
	GlobalSection(ExtensibilityGlobals) = postSolution
		SolutionGuid = {F7964FEA-F031-4A97-A4A6-5B549CAF4971}
	EndGlobalSection
EndGlobal
